# generated by rye
# use `rye lock` or `rye sync` to update this lockfile
#
# last locked with the following flags:
#   pre: false
#   features: []
#   all-features: false
#   with-sources: false
#   generate-hashes: false
#   universal: false

-e file:.
abstract-singleton==1.0.1
    # via auto-gpt-plugin-template
    # via autoagents
aiofiles==23.2.1
    # via autoagents
    # via gradio
aiohttp==3.8.4
    # via autoagents
    # via langchain
    # via openai
aiosignal==1.3.1
    # via aiohttp
    # via autoagents
altair==5.1.1
    # via autoagents
    # via gradio
anthropic==0.3.6
    # via autoagents
anyio==3.7.1
    # via anthropic
    # via autoagents
    # via fastapi
    # via httpcore
    # via starlette
appdirs==1.4.4
    # via autoagents
asgiref==3.7.2
    # via autoagents
    # via channels
    # via django
asttokens==2.2.1
    # via autoagents
    # via icecream
    # via stack-data
astunparse==1.6.3
    # via autoagents
async-generator==1.10
    # via autoagents
    # via trio
async-timeout==4.0.2
    # via aiohttp
    # via autoagents
asynctest==0.13.0
    # via autoagents
attrs==23.1.0
    # via aiohttp
    # via autoagents
    # via jsonschema
    # via openapi-python-client
    # via outcome
    # via pytest
    # via pytest-recording
    # via trio
auto-gpt-plugin-template==0.0.3
    # via autoagents
autoflake==2.1.1
    # via autoagents
    # via openapi-python-client
backcall==0.2.0
    # via autoagents
    # via ipython
beautifulsoup4==4.12.2
    # via autoagents
black==23.3.0
    # via autoagents
    # via openapi-python-client
blis==0.7.9
    # via autoagents
    # via thinc
cachetools==5.3.0
    # via autoagents
    # via google-auth
camel-converter==3.0.2
    # via autoagents
    # via meilisearch
catalogue==2.0.8
    # via autoagents
    # via spacy
    # via srsly
    # via thinc
certifi==2023.7.22
    # via autoagents
    # via httpcore
    # via httpx
    # via litellm
    # via requests
    # via sentry-sdk
    # via urllib3
cffi==1.15.1
    # via autoagents
    # via cryptography
cfgv==3.3.1
    # via autoagents
    # via pre-commit
channels==4.0.0
    # via autoagents
chardet==5.1.0
    # via autoagents
    # via readability-lxml
charset-normalizer==3.1.0
    # via aiohttp
    # via autoagents
    # via requests
click==8.1.3
    # via autoagents
    # via black
    # via duckduckgo-search
    # via gtts
    # via litellm
    # via mkdocs
    # via nltk
    # via typer
    # via uvicorn
    # via wandb
colorama==0.4.6
    # via autoagents
    # via icecream
common==0.1.2
    # via autoagents
confection==0.0.4
    # via autoagents
    # via thinc
contourpy==1.1.1
    # via autoagents
    # via matplotlib
coverage==7.2.5
    # via autoagents
    # via pytest-cov
cryptography==40.0.2
    # via autoagents
    # via pyopenssl
    # via urllib3
cssselect==1.2.0
    # via autoagents
    # via readability-lxml
cycler==0.11.0
    # via autoagents
    # via matplotlib
cymem==2.0.7
    # via autoagents
    # via preshed
    # via spacy
    # via thinc
dataclasses-json==0.5.7
    # via autoagents
    # via langchain
decorator==5.1.1
    # via autoagents
    # via ipdb
    # via ipython
diskcache==5.6.1
    # via autoagents
    # via duckduckgo-search
distlib==0.3.6
    # via autoagents
    # via virtualenv
distro==1.8.0
    # via anthropic
    # via autoagents
django==4.2.3
    # via autoagents
    # via channels
dnspython==2.3.0
    # via autoagents
    # via pinecone-client
docker==6.1.2
    # via autoagents
docker-pycreds==0.4.0
    # via autoagents
    # via wandb
duckduckgo-search==2.9.4
    # via autoagents
et-xmlfile==1.1.0
    # via autoagents
    # via openpyxl
exceptiongroup==1.1.1
    # via autoagents
    # via trio-websocket
execnet==1.9.0
    # via autoagents
    # via pytest-xdist
executing==1.2.0
    # via autoagents
    # via icecream
    # via stack-data
faiss-cpu==1.7.4
    # via autoagents
fastapi==0.103.1
    # via autoagents
    # via gradio
ffmpy==0.3.1
    # via autoagents
    # via gradio
filelock==3.12.0
    # via autoagents
    # via huggingface-hub
    # via virtualenv
fire==0.4.0
    # via autoagents
flake8==6.0.0
    # via autoagents
fonttools==4.42.1
    # via autoagents
    # via matplotlib
frozenlist==1.3.3
    # via aiohttp
    # via aiosignal
    # via autoagents
fsspec==2023.9.2
    # via autoagents
    # via gradio-client
    # via huggingface-hub
ghp-import==2.1.0
    # via autoagents
    # via mkdocs
gitdb==4.0.10
    # via autoagents
    # via gitpython
gitpython==3.1.31
    # via autoagents
    # via wandb
google-api-core==2.11.0
    # via autoagents
    # via google-api-python-client
google-api-python-client==2.86.0
    # via autoagents
google-auth==2.18.0
    # via autoagents
    # via google-api-core
    # via google-api-python-client
    # via google-auth-httplib2
google-auth-httplib2==0.1.0
    # via autoagents
    # via google-api-python-client
google-search-results==2.4.2
    # via autoagents
googleapis-common-protos==1.59.0
    # via autoagents
    # via google-api-core
gradio==3.44.4
    # via autoagents
gradio-client==0.5.1
    # via autoagents
    # via gradio
greenlet==2.0.2
    # via autoagents
    # via sqlalchemy
gtts==2.3.1
    # via autoagents
h11==0.14.0
    # via autoagents
    # via httpcore
    # via uvicorn
    # via wsproto
httpcore==0.17.0
    # via autoagents
    # via httpx
httplib2==0.22.0
    # via autoagents
    # via google-api-python-client
    # via google-auth-httplib2
httpx==0.24.0
    # via anthropic
    # via autoagents
    # via gradio
    # via gradio-client
    # via openapi-python-client
huggingface-hub==0.17.2
    # via autoagents
    # via gradio
    # via gradio-client
icecream==2.1.3
    # via autoagents
identify==2.5.24
    # via autoagents
    # via pre-commit
idna==3.4
    # via anyio
    # via autoagents
    # via httpx
    # via requests
    # via trio
    # via urllib3
    # via yarl
importlib-metadata==6.8.0
    # via autoagents
    # via litellm
importlib-resources==6.1.0
    # via autoagents
    # via gradio
iniconfig==2.0.0
    # via autoagents
    # via pytest
ipdb==0.13.13
    # via autoagents
ipython==8.14.0
    # via autoagents
    # via ipdb
iso-639==0.4.5
    # via autoagents
isort==5.12.0
    # via autoagents
    # via openapi-python-client
jedi==0.18.2
    # via autoagents
    # via ipython
jinja2==3.1.2
    # via altair
    # via autoagents
    # via gradio
    # via litellm
    # via mkdocs
    # via openapi-python-client
    # via spacy
joblib==1.3.2
    # via autoagents
    # via nltk
    # via scikit-learn
jsonschema==4.17.3
    # via altair
    # via autoagents
kiwisolver==1.4.5
    # via autoagents
    # via matplotlib
langchain==0.0.231
    # via autoagents
langchainplus-sdk==0.0.20
    # via autoagents
    # via langchain
langcodes==3.3.0
    # via autoagents
    # via spacy
langsmith==0.0.33
    # via autoagents
litellm==0.7.5
    # via autoagents
loguru==0.6.0
    # via autoagents
    # via pinecone-client
lxml==4.9.2
    # via autoagents
    # via python-docx
    # via readability-lxml
markdown==3.3.7
    # via autoagents
    # via mkdocs
    # via pymdown-extensions
markupsafe==2.1.2
    # via autoagents
    # via gradio
    # via jinja2
marshmallow==3.19.0
    # via autoagents
    # via dataclasses-json
    # via marshmallow-enum
marshmallow-enum==1.5.1
    # via autoagents
    # via dataclasses-json
matplotlib==3.8.0
    # via autoagents
    # via gradio
matplotlib-inline==0.1.6
    # via autoagents
    # via ipython
mccabe==0.7.0
    # via autoagents
    # via flake8
meilisearch==0.21.0
    # via autoagents
mergedeep==1.3.4
    # via autoagents
    # via mkdocs
mkdocs==1.4.3
    # via autoagents
multidict==6.0.4
    # via aiohttp
    # via autoagents
    # via yarl
murmurhash==1.0.9
    # via autoagents
    # via preshed
    # via spacy
    # via thinc
mypy-extensions==1.0.0
    # via autoagents
    # via black
    # via typing-inspect
nltk==3.8.1
    # via autoagents
nodeenv==1.8.0
    # via autoagents
    # via pre-commit
numexpr==2.8.4
    # via autoagents
    # via langchain
numpy==1.25.2
    # via altair
    # via autoagents
    # via blis
    # via contourpy
    # via gradio
    # via langchain
    # via matplotlib
    # via numexpr
    # via opencv-python
    # via pandas
    # via pinecone-client
    # via py3langid
    # via scikit-learn
    # via scipy
    # via spacy
    # via thinc
oauthlib==3.2.2
    # via autoagents
    # via requests-oauthlib
    # via tweepy
openai==0.27.2
    # via autoagents
    # via litellm
openapi-python-client==0.13.4
    # via autoagents
openapi-schema-pydantic==1.2.4
    # via autoagents
    # via langchain
opencv-python==4.8.0.76
    # via autoagents
openpyxl==3.2.0b1
    # via autoagents
orjson==3.8.10
    # via autoagents
    # via gradio
outcome==1.2.0
    # via autoagents
    # via trio
packaging==23.1
    # via altair
    # via autoagents
    # via black
    # via docker
    # via gradio
    # via gradio-client
    # via huggingface-hub
    # via marshmallow
    # via matplotlib
    # via mkdocs
    # via pytest
    # via spacy
    # via thinc
    # via webdriver-manager
pandas==1.4.1
    # via altair
    # via autoagents
    # via gradio
parso==0.8.3
    # via autoagents
    # via jedi
pathspec==0.11.1
    # via autoagents
    # via black
pathtools==0.1.2
    # via autoagents
    # via wandb
pathy==0.10.1
    # via autoagents
    # via spacy
pexpect==4.8.0
    # via autoagents
    # via ipython
pickleshare==0.7.5
    # via autoagents
    # via ipython
pillow==9.5.0
    # via autoagents
    # via gradio
    # via matplotlib
pinecone-client==2.2.1
    # via autoagents
pip==23.0.1
    # via autoagents
platformdirs==3.5.1
    # via autoagents
    # via black
    # via virtualenv
playsound==1.2.2
    # via autoagents
pluggy==1.0.0
    # via autoagents
    # via pytest
pre-commit==3.3.1
    # via autoagents
preshed==3.0.8
    # via autoagents
    # via spacy
    # via thinc
promise==2.3
    # via autoagents
    # via wandb
prompt-toolkit==3.0.38
    # via autoagents
    # via ipython
protobuf==3.20.3
    # via autoagents
    # via google-api-core
    # via googleapis-common-protos
    # via wandb
psutil==5.9.5
    # via autoagents
    # via wandb
ptyprocess==0.7.0
    # via autoagents
    # via pexpect
pure-eval==0.2.2
    # via autoagents
    # via stack-data
py-cpuinfo==9.0.0
    # via autoagents
    # via pytest-benchmark
py3langid==0.2.2
    # via autoagents
pyasn1==0.5.0
    # via autoagents
    # via pyasn1-modules
    # via rsa
pyasn1-modules==0.3.0
    # via autoagents
    # via google-auth
pycodestyle==2.10.0
    # via autoagents
    # via flake8
pycparser==2.21
    # via autoagents
    # via cffi
pydantic==1.10.7
    # via anthropic
    # via autoagents
    # via camel-converter
    # via confection
    # via fastapi
    # via gradio
    # via langchain
    # via langchainplus-sdk
    # via langsmith
    # via openapi-python-client
    # via openapi-schema-pydantic
    # via spacy
    # via thinc
pydub==0.25.1
    # via autoagents
    # via gradio
pyflakes==3.0.1
    # via autoagents
    # via autoflake
    # via flake8
pygments==2.15.1
    # via autoagents
    # via icecream
    # via ipython
pymdown-extensions==10.0.1
    # via autoagents
pyopenssl==23.1.1
    # via autoagents
    # via urllib3
pyparsing==3.0.9
    # via autoagents
    # via httplib2
    # via matplotlib
pyrsistent==0.19.3
    # via autoagents
    # via jsonschema
pysocks==1.7.1
    # via autoagents
    # via urllib3
pytest==7.2.2
    # via autoagents
    # via pytest-asyncio
    # via pytest-benchmark
    # via pytest-cov
    # via pytest-mock
    # via pytest-recording
    # via pytest-xdist
pytest-asyncio==0.21.0
    # via autoagents
pytest-benchmark==4.0.0
    # via autoagents
pytest-cov==4.0.0
    # via autoagents
pytest-integration==0.2.3
    # via autoagents
pytest-mock==3.10.0
    # via autoagents
pytest-recording==0.12.2
    # via autoagents
pytest-xdist==3.3.0
    # via autoagents
python-dateutil==2.8.2
    # via autoagents
    # via ghp-import
    # via matplotlib
    # via openapi-python-client
    # via pandas
    # via pinecone-client
python-docx==0.8.11
    # via autoagents
python-dotenv==1.0.0
    # via autoagents
    # via litellm
    # via webdriver-manager
python-multipart==0.0.6
    # via autoagents
    # via gradio
pytz==2023.3
    # via autoagents
    # via pandas
pyyaml==6.0
    # via autoagents
    # via gradio
    # via huggingface-hub
    # via langchain
    # via mkdocs
    # via openapi-python-client
    # via pinecone-client
    # via pre-commit
    # via pymdown-extensions
    # via pyyaml-env-tag
    # via vcrpy
    # via wandb
pyyaml-env-tag==0.1
    # via autoagents
    # via mkdocs
readability-lxml==0.8.1
    # via autoagents
redis==4.5.5
    # via autoagents
regex==2023.5.5
    # via autoagents
    # via nltk
    # via tiktoken
requests==2.30.0
    # via autoagents
    # via docker
    # via duckduckgo-search
    # via google-api-core
    # via google-search-results
    # via gradio
    # via gradio-client
    # via gtts
    # via huggingface-hub
    # via langchain
    # via langchainplus-sdk
    # via langsmith
    # via meilisearch
    # via openai
    # via pinecone-client
    # via requests-oauthlib
    # via spacy
    # via tiktoken
    # via tweepy
    # via wandb
    # via webdriver-manager
requests-oauthlib==1.3.1
    # via autoagents
    # via tweepy
rsa==4.9
    # via autoagents
    # via google-auth
scikit-learn==1.3.0
    # via autoagents
scipy==1.11.1
    # via autoagents
    # via scikit-learn
selenium==4.1.4
    # via autoagents
semantic-version==2.10.0
    # via autoagents
    # via gradio
sentry-sdk==1.31.0
    # via autoagents
    # via wandb
setproctitle==1.3.2
    # via autoagents
    # via wandb
setuptools==65.6.3
    # via autoagents
    # via nodeenv
    # via spacy
    # via thinc
    # via wandb
shellingham==1.5.0.post1
    # via autoagents
    # via openapi-python-client
shortuuid==1.0.11
    # via autoagents
    # via wandb
six==1.16.0
    # via asttokens
    # via astunparse
    # via autoagents
    # via docker-pycreds
    # via fire
    # via google-auth
    # via google-auth-httplib2
    # via promise
    # via python-dateutil
    # via vcrpy
    # via wandb
smart-open==6.3.0
    # via autoagents
    # via pathy
    # via spacy
smmap==5.0.0
    # via autoagents
    # via gitdb
sniffio==1.3.0
    # via anyio
    # via autoagents
    # via httpcore
    # via httpx
    # via trio
socksio==1.0.0
    # via autoagents
sortedcontainers==2.4.0
    # via autoagents
    # via trio
soupsieve==2.4.1
    # via autoagents
    # via beautifulsoup4
spacy==3.5.3
    # via autoagents
spacy-legacy==3.0.12
    # via autoagents
    # via spacy
spacy-loggers==1.0.4
    # via autoagents
    # via spacy
sqlalchemy==2.0.15
    # via autoagents
    # via langchain
sqlparse==0.4.4
    # via autoagents
    # via django
srsly==2.4.6
    # via autoagents
    # via confection
    # via spacy
    # via thinc
stack-data==0.6.2
    # via autoagents
    # via ipython
starlette==0.27.0
    # via autoagents
    # via fastapi
tenacity==8.2.2
    # via autoagents
    # via langchain
    # via langchainplus-sdk
termcolor==2.3.0
    # via autoagents
    # via fire
thinc==8.1.10
    # via autoagents
    # via spacy
threadpoolctl==2.2.0
    # via autoagents
    # via scikit-learn
tiktoken==0.5.1
    # via autoagents
    # via litellm
tokenizers==0.13.3
    # via anthropic
    # via autoagents
    # via litellm
tomli==2.0.1
    # via autoagents
toolz==0.12.0
    # via altair
    # via autoagents
tqdm==4.64.1
    # via autoagents
    # via huggingface-hub
    # via nltk
    # via openai
    # via pinecone-client
    # via spacy
    # via webdriver-manager
traitlets==5.9.0
    # via autoagents
    # via ipython
    # via matplotlib-inline
trio==0.22.0
    # via autoagents
    # via selenium
    # via trio-websocket
trio-websocket==0.10.2
    # via autoagents
    # via selenium
tweepy==4.14.0
    # via autoagents
typer==0.7.0
    # via autoagents
    # via openapi-python-client
    # via pathy
    # via spacy
typing-extensions==4.5.0
    # via anthropic
    # via autoagents
    # via fastapi
    # via gradio
    # via gradio-client
    # via huggingface-hub
    # via pinecone-client
    # via pydantic
    # via sqlalchemy
    # via typing-inspect
typing-inspect==0.8.0
    # via autoagents
    # via dataclasses-json
uritemplate==4.1.1
    # via autoagents
    # via google-api-python-client
urllib3==1.26.15
    # via autoagents
    # via docker
    # via google-auth
    # via pinecone-client
    # via requests
    # via selenium
    # via sentry-sdk
urllib3-secure-extra==0.1.0
    # via autoagents
    # via urllib3
uvicorn==0.23.2
    # via autoagents
    # via gradio
vcrpy==4.2.1
    # via autoagents
    # via pytest-recording
virtualenv==20.23.0
    # via autoagents
    # via pre-commit
wandb==0.13.2
    # via autoagents
wasabi==1.1.1
    # via autoagents
    # via spacy
    # via thinc
watchdog==3.0.0
    # via autoagents
    # via mkdocs
wcwidth==0.2.6
    # via autoagents
    # via prompt-toolkit
webdriver-manager==3.8.6
    # via autoagents
websocket-client==1.5.1
    # via autoagents
    # via docker
websockets==11.0.3
    # via autoagents
    # via gradio
    # via gradio-client
wheel==0.38.4
    # via astunparse
    # via autoagents
wrapt==1.15.0
    # via autoagents
    # via vcrpy
wsproto==1.2.0
    # via autoagents
    # via trio-websocket
yarl==1.9.2
    # via aiohttp
    # via autoagents
    # via vcrpy
zipp==3.17.0
    # via autoagents
    # via importlib-metadata
